// !$*UTF8*$!
{
	archiveVersion = 1;
	classes = {
	};
	objectVersion = 54;
	objects = {

/* Begin PBXBuildFile section */
		0A1290D827306E99002000A6 /* GoogleService-Info.plist in Resources */ = {isa = PBXBuildFile; fileRef = 0A1290D727306E99002000A6 /* GoogleService-Info.plist */; };
		0AC702BE272C801500415CCD /* DimaSignUp.swift in Sources */ = {isa = PBXBuildFile; fileRef = 0AC702BD272C801500415CCD /* DimaSignUp.swift */; };
		0AC702C0272C803C00415CCD /* DimaSignUpViewController.swift in Sources */ = {isa = PBXBuildFile; fileRef = 0AC702BF272C803C00415CCD /* DimaSignUpViewController.swift */; };
		0AC702C2272C8AD500415CCD /* SignInView.swift in Sources */ = {isa = PBXBuildFile; fileRef = 0AC702C1272C8AD500415CCD /* SignInView.swift */; };
		0AC702C4272C8E2600415CCD /* SignInViewController.swift in Sources */ = {isa = PBXBuildFile; fileRef = 0AC702C3272C8E2600415CCD /* SignInViewController.swift */; };
		12CC97D667575B0D1BD6E969 /* Pods_Quesiti.framework in Frameworks */ = {isa = PBXBuildFile; fileRef = FA5A2882D7549E44BC5BF881 /* Pods_Quesiti.framework */; };
		26257529272B6C49008EAF35 /* TabBarViewController.swift in Sources */ = {isa = PBXBuildFile; fileRef = 26257528272B6C49008EAF35 /* TabBarViewController.swift */; };
		2625752C272B6CBA008EAF35 /* SearchViewController.swift in Sources */ = {isa = PBXBuildFile; fileRef = 2625752B272B6CBA008EAF35 /* SearchViewController.swift */; };
		2625752E272B6CD0008EAF35 /* SearchPresenter.swift in Sources */ = {isa = PBXBuildFile; fileRef = 2625752D272B6CD0008EAF35 /* SearchPresenter.swift */; };
		26257530272B6CE2008EAF35 /* SearchView.swift in Sources */ = {isa = PBXBuildFile; fileRef = 2625752F272B6CE2008EAF35 /* SearchView.swift */; };
		26257532272B6D04008EAF35 /* ProfileViewController.swift in Sources */ = {isa = PBXBuildFile; fileRef = 26257531272B6D04008EAF35 /* ProfileViewController.swift */; };
		26257534272B6D17008EAF35 /* ProfileView.swift in Sources */ = {isa = PBXBuildFile; fileRef = 26257533272B6D17008EAF35 /* ProfileView.swift */; };
		26257536272B6D24008EAF35 /* ProfilePresenter.swift in Sources */ = {isa = PBXBuildFile; fileRef = 26257535272B6D24008EAF35 /* ProfilePresenter.swift */; };
		26257538272B6D44008EAF35 /* AddQuestionView.swift in Sources */ = {isa = PBXBuildFile; fileRef = 26257537272B6D44008EAF35 /* AddQuestionView.swift */; };
		2625753A272B6D52008EAF35 /* AddQuestionViewController.swift in Sources */ = {isa = PBXBuildFile; fileRef = 26257539272B6D52008EAF35 /* AddQuestionViewController.swift */; };
		2625753C272B6D62008EAF35 /* AddQuestionPresenter.swift in Sources */ = {isa = PBXBuildFile; fileRef = 2625753B272B6D62008EAF35 /* AddQuestionPresenter.swift */; };
		2625753E272B6D72008EAF35 /* HomePagePresenter.swift in Sources */ = {isa = PBXBuildFile; fileRef = 2625753D272B6D72008EAF35 /* HomePagePresenter.swift */; };
		26257540272B6D7B008EAF35 /* HomePageViewController.swift in Sources */ = {isa = PBXBuildFile; fileRef = 2625753F272B6D7B008EAF35 /* HomePageViewController.swift */; };
		26257542272B6D8E008EAF35 /* HomePageView.swift in Sources */ = {isa = PBXBuildFile; fileRef = 26257541272B6D8E008EAF35 /* HomePageView.swift */; };
		26257544272B6DAF008EAF35 /* MapView.swift in Sources */ = {isa = PBXBuildFile; fileRef = 26257543272B6DAF008EAF35 /* MapView.swift */; };
		26257546272B6DBD008EAF35 /* MapViewController.swift in Sources */ = {isa = PBXBuildFile; fileRef = 26257545272B6DBD008EAF35 /* MapViewController.swift */; };
		26257548272B6DC5008EAF35 /* MapPresenter.swift in Sources */ = {isa = PBXBuildFile; fileRef = 26257547272B6DC5008EAF35 /* MapPresenter.swift */; };
		2625754A272C167E008EAF35 /* SignUpView.swift in Sources */ = {isa = PBXBuildFile; fileRef = 26257549272C167E008EAF35 /* SignUpView.swift */; };
		2625754C272C16B5008EAF35 /* SignUpViewController.swift in Sources */ = {isa = PBXBuildFile; fileRef = 2625754B272C16B5008EAF35 /* SignUpViewController.swift */; };
		2666F6B227247C5000D9F413 /* AppDelegate.swift in Sources */ = {isa = PBXBuildFile; fileRef = 2666F6B127247C5000D9F413 /* AppDelegate.swift */; };
		2666F6B427247C5000D9F413 /* SceneDelegate.swift in Sources */ = {isa = PBXBuildFile; fileRef = 2666F6B327247C5000D9F413 /* SceneDelegate.swift */; };
		2666F6B627247C5000D9F413 /* ViewController.swift in Sources */ = {isa = PBXBuildFile; fileRef = 2666F6B527247C5000D9F413 /* ViewController.swift */; };
		2666F6BB27247C5300D9F413 /* Assets.xcassets in Resources */ = {isa = PBXBuildFile; fileRef = 2666F6BA27247C5300D9F413 /* Assets.xcassets */; };
		2666F6BE27247C5300D9F413 /* LaunchScreen.storyboard in Resources */ = {isa = PBXBuildFile; fileRef = 2666F6BC27247C5300D9F413 /* LaunchScreen.storyboard */; };
		2666F6D02724B0B300D9F413 /* WelcomViewController.swift in Sources */ = {isa = PBXBuildFile; fileRef = 2666F6CF2724B0B300D9F413 /* WelcomViewController.swift */; };
		2666F6D52724B5D400D9F413 /* WelcomPageModel.swift in Sources */ = {isa = PBXBuildFile; fileRef = 2666F6D42724B5D400D9F413 /* WelcomPageModel.swift */; };
		268AA0732724BABC00A71958 /* Lottie in Frameworks */ = {isa = PBXBuildFile; productRef = 268AA0722724BABC00A71958 /* Lottie */; };
		268AA0792724BF9600A71958 /* WelcomCellCollectionViewCell.swift in Sources */ = {isa = PBXBuildFile; fileRef = 268AA0782724BF9600A71958 /* WelcomCellCollectionViewCell.swift */; };
		268AA07B2724C08900A71958 /* SomeExtansion.swift in Sources */ = {isa = PBXBuildFile; fileRef = 268AA07A2724C08900A71958 /* SomeExtansion.swift */; };
		268AA07D2724C11B00A71958 /* ThemeColors.swift in Sources */ = {isa = PBXBuildFile; fileRef = 268AA07C2724C11B00A71958 /* ThemeColors.swift */; };
		268AA07F2724C31600A71958 /* WelcomViewControllerExtansion.swift in Sources */ = {isa = PBXBuildFile; fileRef = 268AA07E2724C31600A71958 /* WelcomViewControllerExtansion.swift */; };
/* End PBXBuildFile section */

/* Begin PBXFileReference section */
		0A1290D727306E99002000A6 /* GoogleService-Info.plist */ = {isa = PBXFileReference; fileEncoding = 4; lastKnownFileType = text.plist.xml; path = "GoogleService-Info.plist"; sourceTree = "<group>"; };
		0AC702BD272C801500415CCD /* DimaSignUp.swift */ = {isa = PBXFileReference; lastKnownFileType = sourcecode.swift; path = DimaSignUp.swift; sourceTree = "<group>"; };
		0AC702BF272C803C00415CCD /* DimaSignUpViewController.swift */ = {isa = PBXFileReference; lastKnownFileType = sourcecode.swift; path = DimaSignUpViewController.swift; sourceTree = "<group>"; };
		0AC702C1272C8AD500415CCD /* SignInView.swift */ = {isa = PBXFileReference; lastKnownFileType = sourcecode.swift; path = SignInView.swift; sourceTree = "<group>"; };
		0AC702C3272C8E2600415CCD /* SignInViewController.swift */ = {isa = PBXFileReference; lastKnownFileType = sourcecode.swift; path = SignInViewController.swift; sourceTree = "<group>"; };
		26257528272B6C49008EAF35 /* TabBarViewController.swift */ = {isa = PBXFileReference; lastKnownFileType = sourcecode.swift; path = TabBarViewController.swift; sourceTree = "<group>"; };
		2625752B272B6CBA008EAF35 /* SearchViewController.swift */ = {isa = PBXFileReference; lastKnownFileType = sourcecode.swift; path = SearchViewController.swift; sourceTree = "<group>"; };
		2625752D272B6CD0008EAF35 /* SearchPresenter.swift */ = {isa = PBXFileReference; lastKnownFileType = sourcecode.swift; path = SearchPresenter.swift; sourceTree = "<group>"; };
		2625752F272B6CE2008EAF35 /* SearchView.swift */ = {isa = PBXFileReference; lastKnownFileType = sourcecode.swift; path = SearchView.swift; sourceTree = "<group>"; };
		26257531272B6D04008EAF35 /* ProfileViewController.swift */ = {isa = PBXFileReference; lastKnownFileType = sourcecode.swift; name = ProfileViewController.swift; path = Quesiti/Search/ProfileViewController.swift; sourceTree = SOURCE_ROOT; };
		26257533272B6D17008EAF35 /* ProfileView.swift */ = {isa = PBXFileReference; lastKnownFileType = sourcecode.swift; name = ProfileView.swift; path = Quesiti/Search/ProfileView.swift; sourceTree = SOURCE_ROOT; };
		26257535272B6D24008EAF35 /* ProfilePresenter.swift */ = {isa = PBXFileReference; lastKnownFileType = sourcecode.swift; name = ProfilePresenter.swift; path = Quesiti/Search/ProfilePresenter.swift; sourceTree = SOURCE_ROOT; };
		26257537272B6D44008EAF35 /* AddQuestionView.swift */ = {isa = PBXFileReference; lastKnownFileType = sourcecode.swift; name = AddQuestionView.swift; path = Quesiti/Search/AddQuestionView.swift; sourceTree = SOURCE_ROOT; };
		26257539272B6D52008EAF35 /* AddQuestionViewController.swift */ = {isa = PBXFileReference; lastKnownFileType = sourcecode.swift; name = AddQuestionViewController.swift; path = Quesiti/Search/AddQuestionViewController.swift; sourceTree = SOURCE_ROOT; };
		2625753B272B6D62008EAF35 /* AddQuestionPresenter.swift */ = {isa = PBXFileReference; lastKnownFileType = sourcecode.swift; name = AddQuestionPresenter.swift; path = Quesiti/Search/AddQuestionPresenter.swift; sourceTree = SOURCE_ROOT; };
		2625753D272B6D72008EAF35 /* HomePagePresenter.swift */ = {isa = PBXFileReference; lastKnownFileType = sourcecode.swift; name = HomePagePresenter.swift; path = Quesiti/Search/HomePagePresenter.swift; sourceTree = SOURCE_ROOT; };
		2625753F272B6D7B008EAF35 /* HomePageViewController.swift */ = {isa = PBXFileReference; lastKnownFileType = sourcecode.swift; name = HomePageViewController.swift; path = Quesiti/Search/HomePageViewController.swift; sourceTree = SOURCE_ROOT; };
		26257541272B6D8E008EAF35 /* HomePageView.swift */ = {isa = PBXFileReference; lastKnownFileType = sourcecode.swift; name = HomePageView.swift; path = Quesiti/Search/HomePageView.swift; sourceTree = SOURCE_ROOT; };
		26257543272B6DAF008EAF35 /* MapView.swift */ = {isa = PBXFileReference; lastKnownFileType = sourcecode.swift; name = MapView.swift; path = Quesiti/Search/MapView.swift; sourceTree = SOURCE_ROOT; };
		26257545272B6DBD008EAF35 /* MapViewController.swift */ = {isa = PBXFileReference; lastKnownFileType = sourcecode.swift; name = MapViewController.swift; path = Quesiti/Search/MapViewController.swift; sourceTree = SOURCE_ROOT; };
		26257547272B6DC5008EAF35 /* MapPresenter.swift */ = {isa = PBXFileReference; lastKnownFileType = sourcecode.swift; name = MapPresenter.swift; path = Quesiti/Search/MapPresenter.swift; sourceTree = SOURCE_ROOT; };
		26257549272C167E008EAF35 /* SignUpView.swift */ = {isa = PBXFileReference; lastKnownFileType = sourcecode.swift; path = SignUpView.swift; sourceTree = "<group>"; };
		2625754B272C16B5008EAF35 /* SignUpViewController.swift */ = {isa = PBXFileReference; lastKnownFileType = sourcecode.swift; path = SignUpViewController.swift; sourceTree = "<group>"; };
		2666F6AE27247C5000D9F413 /* Quesiti.app */ = {isa = PBXFileReference; explicitFileType = wrapper.application; includeInIndex = 0; path = Quesiti.app; sourceTree = BUILT_PRODUCTS_DIR; };
		2666F6B127247C5000D9F413 /* AppDelegate.swift */ = {isa = PBXFileReference; lastKnownFileType = sourcecode.swift; path = AppDelegate.swift; sourceTree = "<group>"; };
		2666F6B327247C5000D9F413 /* SceneDelegate.swift */ = {isa = PBXFileReference; lastKnownFileType = sourcecode.swift; path = SceneDelegate.swift; sourceTree = "<group>"; };
		2666F6B527247C5000D9F413 /* ViewController.swift */ = {isa = PBXFileReference; lastKnownFileType = sourcecode.swift; path = ViewController.swift; sourceTree = "<group>"; };
		2666F6BA27247C5300D9F413 /* Assets.xcassets */ = {isa = PBXFileReference; lastKnownFileType = folder.assetcatalog; path = Assets.xcassets; sourceTree = "<group>"; };
		2666F6BD27247C5300D9F413 /* Base */ = {isa = PBXFileReference; lastKnownFileType = file.storyboard; name = Base; path = Base.lproj/LaunchScreen.storyboard; sourceTree = "<group>"; };
		2666F6BF27247C5300D9F413 /* Info.plist */ = {isa = PBXFileReference; lastKnownFileType = text.plist.xml; path = Info.plist; sourceTree = "<group>"; };
		2666F6CF2724B0B300D9F413 /* WelcomViewController.swift */ = {isa = PBXFileReference; lastKnownFileType = sourcecode.swift; path = WelcomViewController.swift; sourceTree = "<group>"; };
		2666F6D42724B5D400D9F413 /* WelcomPageModel.swift */ = {isa = PBXFileReference; lastKnownFileType = sourcecode.swift; path = WelcomPageModel.swift; sourceTree = "<group>"; };
		268AA0782724BF9600A71958 /* WelcomCellCollectionViewCell.swift */ = {isa = PBXFileReference; lastKnownFileType = sourcecode.swift; path = WelcomCellCollectionViewCell.swift; sourceTree = "<group>"; };
		268AA07A2724C08900A71958 /* SomeExtansion.swift */ = {isa = PBXFileReference; lastKnownFileType = sourcecode.swift; path = SomeExtansion.swift; sourceTree = "<group>"; };
		268AA07C2724C11B00A71958 /* ThemeColors.swift */ = {isa = PBXFileReference; lastKnownFileType = sourcecode.swift; path = ThemeColors.swift; sourceTree = "<group>"; };
		268AA07E2724C31600A71958 /* WelcomViewControllerExtansion.swift */ = {isa = PBXFileReference; lastKnownFileType = sourcecode.swift; path = WelcomViewControllerExtansion.swift; sourceTree = "<group>"; };
		CC95F34072975E48D7C97B7B /* Pods-Quesiti.release.xcconfig */ = {isa = PBXFileReference; includeInIndex = 1; lastKnownFileType = text.xcconfig; name = "Pods-Quesiti.release.xcconfig"; path = "Target Support Files/Pods-Quesiti/Pods-Quesiti.release.xcconfig"; sourceTree = "<group>"; };
		D1FDA520FD583189CE0188D6 /* Pods-Quesiti.debug.xcconfig */ = {isa = PBXFileReference; includeInIndex = 1; lastKnownFileType = text.xcconfig; name = "Pods-Quesiti.debug.xcconfig"; path = "Target Support Files/Pods-Quesiti/Pods-Quesiti.debug.xcconfig"; sourceTree = "<group>"; };
		FA5A2882D7549E44BC5BF881 /* Pods_Quesiti.framework */ = {isa = PBXFileReference; explicitFileType = wrapper.framework; includeInIndex = 0; path = Pods_Quesiti.framework; sourceTree = BUILT_PRODUCTS_DIR; };
/* End PBXFileReference section */

/* Begin PBXFrameworksBuildPhase section */
		2666F6AB27247C5000D9F413 /* Frameworks */ = {
			isa = PBXFrameworksBuildPhase;
			buildActionMask = 2147483647;
			files = (
				268AA0732724BABC00A71958 /* Lottie in Frameworks */,
				12CC97D667575B0D1BD6E969 /* Pods_Quesiti.framework in Frameworks */,
			);
			runOnlyForDeploymentPostprocessing = 0;
		};
/* End PBXFrameworksBuildPhase section */

/* Begin PBXGroup section */
		1F00D2F73587AAA303826F40 /* Frameworks */ = {
			isa = PBXGroup;
			children = (
				FA5A2882D7549E44BC5BF881 /* Pods_Quesiti.framework */,
			);
			name = Frameworks;
			sourceTree = "<group>";
		};
		2610EE4D272868AA007A3BD7 /* SignIn */ = {
			isa = PBXGroup;
			children = (
			);
			path = SignIn;
			sourceTree = "<group>";
		};
		2610EE4E272868B8007A3BD7 /* SignUp */ = {
			isa = PBXGroup;
			children = (
				26257549272C167E008EAF35 /* SignUpView.swift */,
				2625754B272C16B5008EAF35 /* SignUpViewController.swift */,
				0AC702BF272C803C00415CCD /* DimaSignUpViewController.swift */,
				0AC702BD272C801500415CCD /* DimaSignUp.swift */,
				0AC702C1272C8AD500415CCD /* SignInView.swift */,
				0AC702C3272C8E2600415CCD /* SignInViewController.swift */,
			);
			path = SignUp;
			sourceTree = "<group>";
		};
		2610EE5727287A6F007A3BD7 /* Help */ = {
			isa = PBXGroup;
			children = (
			);
			path = Help;
			sourceTree = "<group>";
		};
		26257527272B6C09008EAF35 /* TabBar */ = {
			isa = PBXGroup;
			children = (
				26257528272B6C49008EAF35 /* TabBarViewController.swift */,
			);
			path = TabBar;
			sourceTree = "<group>";
		};
		2625752A272B6CA1008EAF35 /* Search */ = {
			isa = PBXGroup;
			children = (
				2625752B272B6CBA008EAF35 /* SearchViewController.swift */,
				2625752D272B6CD0008EAF35 /* SearchPresenter.swift */,
				2625752F272B6CE2008EAF35 /* SearchView.swift */,
			);
			path = Search;
			sourceTree = "<group>";
		};
		2666F6A527247C5000D9F413 = {
			isa = PBXGroup;
			children = (
				2666F6B027247C5000D9F413 /* Quesiti */,
				2666F6AF27247C5000D9F413 /* Products */,
				3A7882A97EDD7A0BE4F8FB80 /* Pods */,
				1F00D2F73587AAA303826F40 /* Frameworks */,
			);
			sourceTree = "<group>";
		};
		2666F6AF27247C5000D9F413 /* Products */ = {
			isa = PBXGroup;
			children = (
				2666F6AE27247C5000D9F413 /* Quesiti.app */,
			);
			name = Products;
			sourceTree = "<group>";
		};
		2666F6B027247C5000D9F413 /* Quesiti */ = {
			isa = PBXGroup;
			children = (
				2625752A272B6CA1008EAF35 /* Search */,
				2666F6B127247C5000D9F413 /* AppDelegate.swift */,
				2666F6B327247C5000D9F413 /* SceneDelegate.swift */,
				2666F6B527247C5000D9F413 /* ViewController.swift */,
				2666F6C927247CAC00D9F413 /* Welcome Screen */,
				2666F6BA27247C5300D9F413 /* Assets.xcassets */,
				26257527272B6C09008EAF35 /* TabBar */,
				2666F6CA27247CAC00D9F413 /* Add question */,
				2666F6CD27247CAC00D9F413 /* Home page */,
				2666F6CB27247CAC00D9F413 /* Auth Controller */,
				2666F6CC27247CAC00D9F413 /* Profile */,
				2666F6CE27247CAC00D9F413 /* Maps (world) */,
				2666F6C527247CAC00D9F413 /* Helper Tools */,
				2666F6C727247CAC00D9F413 /* Model */,
				2666F6C627247CAC00D9F413 /* Networking */,
				2666F6BC27247C5300D9F413 /* LaunchScreen.storyboard */,
				2666F6BF27247C5300D9F413 /* Info.plist */,
				0A1290D727306E99002000A6 /* GoogleService-Info.plist */,
			);
			path = Quesiti;
			sourceTree = "<group>";
		};
		2666F6C527247CAC00D9F413 /* Helper Tools */ = {
			isa = PBXGroup;
			children = (
				268AA07A2724C08900A71958 /* SomeExtansion.swift */,
				268AA07C2724C11B00A71958 /* ThemeColors.swift */,
			);
			path = "Helper Tools";
			sourceTree = "<group>";
		};
		2666F6C627247CAC00D9F413 /* Networking */ = {
			isa = PBXGroup;
			children = (
			);
			path = Networking;
			sourceTree = "<group>";
		};
		2666F6C727247CAC00D9F413 /* Model */ = {
			isa = PBXGroup;
			children = (
				2666F6D42724B5D400D9F413 /* WelcomPageModel.swift */,
			);
			path = Model;
			sourceTree = "<group>";
		};
		2666F6C927247CAC00D9F413 /* Welcome Screen */ = {
			isa = PBXGroup;
			children = (
				2666F6CF2724B0B300D9F413 /* WelcomViewController.swift */,
				268AA07E2724C31600A71958 /* WelcomViewControllerExtansion.swift */,
				268AA0782724BF9600A71958 /* WelcomCellCollectionViewCell.swift */,
			);
			path = "Welcome Screen";
			sourceTree = "<group>";
		};
		2666F6CA27247CAC00D9F413 /* Add question */ = {
			isa = PBXGroup;
			children = (
				26257537272B6D44008EAF35 /* AddQuestionView.swift */,
				26257539272B6D52008EAF35 /* AddQuestionViewController.swift */,
				2625753B272B6D62008EAF35 /* AddQuestionPresenter.swift */,
			);
			name = "Add question";
			path = "Controllers/Add question";
			sourceTree = "<group>";
		};
		2666F6CB27247CAC00D9F413 /* Auth Controller */ = {
			isa = PBXGroup;
			children = (
				2610EE5727287A6F007A3BD7 /* Help */,
				2610EE4E272868B8007A3BD7 /* SignUp */,
				2610EE4D272868AA007A3BD7 /* SignIn */,
			);
			path = "Auth Controller";
			sourceTree = "<group>";
		};
		2666F6CC27247CAC00D9F413 /* Profile */ = {
			isa = PBXGroup;
			children = (
				26257531272B6D04008EAF35 /* ProfileViewController.swift */,
				26257533272B6D17008EAF35 /* ProfileView.swift */,
				26257535272B6D24008EAF35 /* ProfilePresenter.swift */,
			);
			name = Profile;
			path = Controllers/Profile;
			sourceTree = "<group>";
		};
		2666F6CD27247CAC00D9F413 /* Home page */ = {
			isa = PBXGroup;
			children = (
				2625753D272B6D72008EAF35 /* HomePagePresenter.swift */,
				2625753F272B6D7B008EAF35 /* HomePageViewController.swift */,
				26257541272B6D8E008EAF35 /* HomePageView.swift */,
			);
			name = "Home page";
			path = "Controllers/Home page";
			sourceTree = "<group>";
		};
		2666F6CE27247CAC00D9F413 /* Maps (world) */ = {
			isa = PBXGroup;
			children = (
				26257543272B6DAF008EAF35 /* MapView.swift */,
				26257545272B6DBD008EAF35 /* MapViewController.swift */,
				26257547272B6DC5008EAF35 /* MapPresenter.swift */,
			);
			name = "Maps (world)";
			path = "Controllers/Maps (world)";
			sourceTree = "<group>";
		};
		3A7882A97EDD7A0BE4F8FB80 /* Pods */ = {
			isa = PBXGroup;
			children = (
				D1FDA520FD583189CE0188D6 /* Pods-Quesiti.debug.xcconfig */,
				CC95F34072975E48D7C97B7B /* Pods-Quesiti.release.xcconfig */,
			);
			path = Pods;
			sourceTree = "<group>";
		};
/* End PBXGroup section */

/* Begin PBXNativeTarget section */
		2666F6AD27247C5000D9F413 /* Quesiti */ = {
			isa = PBXNativeTarget;
			buildConfigurationList = 2666F6C227247C5300D9F413 /* Build configuration list for PBXNativeTarget "Quesiti" */;
			buildPhases = (
				14F41EDB7AD40631E0692646 /* [CP] Check Pods Manifest.lock */,
				2666F6AA27247C5000D9F413 /* Sources */,
				2666F6AB27247C5000D9F413 /* Frameworks */,
				2666F6AC27247C5000D9F413 /* Resources */,
				F67571F10B338993B2FB2673 /* [CP] Embed Pods Frameworks */,
			);
			buildRules = (
			);
			dependencies = (
			);
			name = Quesiti;
			packageProductDependencies = (
				268AA0722724BABC00A71958 /* Lottie */,
			);
			productName = Quesiti;
			productReference = 2666F6AE27247C5000D9F413 /* Quesiti.app */;
			productType = "com.apple.product-type.application";
		};
/* End PBXNativeTarget section */

/* Begin PBXProject section */
		2666F6A627247C5000D9F413 /* Project object */ = {
			isa = PBXProject;
			attributes = {
				LastSwiftUpdateCheck = 1250;
				LastUpgradeCheck = 1250;
				TargetAttributes = {
					2666F6AD27247C5000D9F413 = {
						CreatedOnToolsVersion = 12.5.1;
					};
				};
			};
			buildConfigurationList = 2666F6A927247C5000D9F413 /* Build configuration list for PBXProject "Quesiti" */;
			compatibilityVersion = "Xcode 12.0";
			developmentRegion = en;
			hasScannedForEncodings = 0;
			knownRegions = (
				en,
				Base,
			);
			mainGroup = 2666F6A527247C5000D9F413;
			packageReferences = (
				268AA0712724BABC00A71958 /* XCRemoteSwiftPackageReference "lottie-ios" */,
			);
			productRefGroup = 2666F6AF27247C5000D9F413 /* Products */;
			projectDirPath = "";
			projectRoot = "";
			targets = (
				2666F6AD27247C5000D9F413 /* Quesiti */,
			);
		};
/* End PBXProject section */

/* Begin PBXResourcesBuildPhase section */
		2666F6AC27247C5000D9F413 /* Resources */ = {
			isa = PBXResourcesBuildPhase;
			buildActionMask = 2147483647;
			files = (
				2666F6BE27247C5300D9F413 /* LaunchScreen.storyboard in Resources */,
				2666F6BB27247C5300D9F413 /* Assets.xcassets in Resources */,
				0A1290D827306E99002000A6 /* GoogleService-Info.plist in Resources */,
			);
			runOnlyForDeploymentPostprocessing = 0;
		};
/* End PBXResourcesBuildPhase section */

/* Begin PBXShellScriptBuildPhase section */
		14F41EDB7AD40631E0692646 /* [CP] Check Pods Manifest.lock */ = {
			isa = PBXShellScriptBuildPhase;
			buildActionMask = 2147483647;
			files = (
			);
			inputFileListPaths = (
			);
			inputPaths = (
				"${PODS_PODFILE_DIR_PATH}/Podfile.lock",
				"${PODS_ROOT}/Manifest.lock",
			);
			name = "[CP] Check Pods Manifest.lock";
			outputFileListPaths = (
			);
			outputPaths = (
				"$(DERIVED_FILE_DIR)/Pods-Quesiti-checkManifestLockResult.txt",
			);
			runOnlyForDeploymentPostprocessing = 0;
			shellPath = /bin/sh;
			shellScript = "diff \"${PODS_PODFILE_DIR_PATH}/Podfile.lock\" \"${PODS_ROOT}/Manifest.lock\" > /dev/null\nif [ $? != 0 ] ; then\n    # print error to STDERR\n    echo \"error: The sandbox is not in sync with the Podfile.lock. Run 'pod install' or update your CocoaPods installation.\" >&2\n    exit 1\nfi\n# This output is used by Xcode 'outputs' to avoid re-running this script phase.\necho \"SUCCESS\" > \"${SCRIPT_OUTPUT_FILE_0}\"\n";
			showEnvVarsInLog = 0;
		};
		F67571F10B338993B2FB2673 /* [CP] Embed Pods Frameworks */ = {
			isa = PBXShellScriptBuildPhase;
			buildActionMask = 2147483647;
			files = (
			);
			inputFileListPaths = (
				"${PODS_ROOT}/Target Support Files/Pods-Quesiti/Pods-Quesiti-frameworks-${CONFIGURATION}-input-files.xcfilelist",
			);
			name = "[CP] Embed Pods Frameworks";
			outputFileListPaths = (
				"${PODS_ROOT}/Target Support Files/Pods-Quesiti/Pods-Quesiti-frameworks-${CONFIGURATION}-output-files.xcfilelist",
			);
			runOnlyForDeploymentPostprocessing = 0;
			shellPath = /bin/sh;
			shellScript = "\"${PODS_ROOT}/Target Support Files/Pods-Quesiti/Pods-Quesiti-frameworks.sh\"\n";
			showEnvVarsInLog = 0;
		};
/* End PBXShellScriptBuildPhase section */

/* Begin PBXSourcesBuildPhase section */
		2666F6AA27247C5000D9F413 /* Sources */ = {
			isa = PBXSourcesBuildPhase;
			buildActionMask = 2147483647;
			files = (
				26257536272B6D24008EAF35 /* ProfilePresenter.swift in Sources */,
				26257529272B6C49008EAF35 /* TabBarViewController.swift in Sources */,
				26257540272B6D7B008EAF35 /* HomePageViewController.swift in Sources */,
				2625753A272B6D52008EAF35 /* AddQuestionViewController.swift in Sources */,
				0AC702BE272C801500415CCD /* DimaSignUp.swift in Sources */,
				2625753C272B6D62008EAF35 /* AddQuestionPresenter.swift in Sources */,
				26257530272B6CE2008EAF35 /* SearchView.swift in Sources */,
				2625754C272C16B5008EAF35 /* SignUpViewController.swift in Sources */,
				26257532272B6D04008EAF35 /* ProfileViewController.swift in Sources */,
				26257538272B6D44008EAF35 /* AddQuestionView.swift in Sources */,
				2625754A272C167E008EAF35 /* SignUpView.swift in Sources */,
				268AA0792724BF9600A71958 /* WelcomCellCollectionViewCell.swift in Sources */,
				2625752E272B6CD0008EAF35 /* SearchPresenter.swift in Sources */,
				2666F6B627247C5000D9F413 /* ViewController.swift in Sources */,
				2625752C272B6CBA008EAF35 /* SearchViewController.swift in Sources */,
				2666F6D52724B5D400D9F413 /* WelcomPageModel.swift in Sources */,
				26257546272B6DBD008EAF35 /* MapViewController.swift in Sources */,
				26257544272B6DAF008EAF35 /* MapView.swift in Sources */,
				268AA07B2724C08900A71958 /* SomeExtansion.swift in Sources */,
				0AC702C0272C803C00415CCD /* DimaSignUpViewController.swift in Sources */,
				26257548272B6DC5008EAF35 /* MapPresenter.swift in Sources */,
				2625753E272B6D72008EAF35 /* HomePagePresenter.swift in Sources */,
				268AA07F2724C31600A71958 /* WelcomViewControllerExtansion.swift in Sources */,
				2666F6B227247C5000D9F413 /* AppDelegate.swift in Sources */,
				0AC702C4272C8E2600415CCD /* SignInViewController.swift in Sources */,
				0AC702C2272C8AD500415CCD /* SignInView.swift in Sources */,
				2666F6B427247C5000D9F413 /* SceneDelegate.swift in Sources */,
				2666F6D02724B0B300D9F413 /* WelcomViewController.swift in Sources */,
				26257534272B6D17008EAF35 /* ProfileView.swift in Sources */,
				26257542272B6D8E008EAF35 /* HomePageView.swift in Sources */,
				268AA07D2724C11B00A71958 /* ThemeColors.swift in Sources */,
			);
			runOnlyForDeploymentPostprocessing = 0;
		};
/* End PBXSourcesBuildPhase section */

/* Begin PBXVariantGroup section */
		2666F6BC27247C5300D9F413 /* LaunchScreen.storyboard */ = {
			isa = PBXVariantGroup;
			children = (
				2666F6BD27247C5300D9F413 /* Base */,
			);
			name = LaunchScreen.storyboard;
			sourceTree = "<group>";
		};
/* End PBXVariantGroup section */

/* Begin XCBuildConfiguration section */
		2666F6C027247C5300D9F413 /* Debug */ = {
			isa = XCBuildConfiguration;
			buildSettings = {
				ALWAYS_SEARCH_USER_PATHS = NO;
				CLANG_ANALYZER_NONNULL = YES;
				CLANG_ANALYZER_NUMBER_OBJECT_CONVERSION = YES_AGGRESSIVE;
				CLANG_CXX_LANGUAGE_STANDARD = "gnu++14";
				CLANG_CXX_LIBRARY = "libc++";
				CLANG_ENABLE_MODULES = YES;
				CLANG_ENABLE_OBJC_ARC = YES;
				CLANG_ENABLE_OBJC_WEAK = YES;
				CLANG_WARN_BLOCK_CAPTURE_AUTORELEASING = YES;
				CLANG_WARN_BOOL_CONVERSION = YES;
				CLANG_WARN_COMMA = YES;
				CLANG_WARN_CONSTANT_CONVERSION = YES;
				CLANG_WARN_DEPRECATED_OBJC_IMPLEMENTATIONS = YES;
				CLANG_WARN_DIRECT_OBJC_ISA_USAGE = YES_ERROR;
				CLANG_WARN_DOCUMENTATION_COMMENTS = YES;
				CLANG_WARN_EMPTY_BODY = YES;
				CLANG_WARN_ENUM_CONVERSION = YES;
				CLANG_WARN_INFINITE_RECURSION = YES;
				CLANG_WARN_INT_CONVERSION = YES;
				CLANG_WARN_NON_LITERAL_NULL_CONVERSION = YES;
				CLANG_WARN_OBJC_IMPLICIT_RETAIN_SELF = YES;
				CLANG_WARN_OBJC_LITERAL_CONVERSION = YES;
				CLANG_WARN_OBJC_ROOT_CLASS = YES_ERROR;
				CLANG_WARN_QUOTED_INCLUDE_IN_FRAMEWORK_HEADER = YES;
				CLANG_WARN_RANGE_LOOP_ANALYSIS = YES;
				CLANG_WARN_STRICT_PROTOTYPES = YES;
				CLANG_WARN_SUSPICIOUS_MOVE = YES;
				CLANG_WARN_UNGUARDED_AVAILABILITY = YES_AGGRESSIVE;
				CLANG_WARN_UNREACHABLE_CODE = YES;
				CLANG_WARN__DUPLICATE_METHOD_MATCH = YES;
				COPY_PHASE_STRIP = NO;
				DEAD_CODE_STRIPPING = NO;
				DEBUG_INFORMATION_FORMAT = dwarf;
				ENABLE_STRICT_OBJC_MSGSEND = YES;
				ENABLE_TESTABILITY = YES;
				GCC_C_LANGUAGE_STANDARD = gnu11;
				GCC_DYNAMIC_NO_PIC = NO;
				GCC_NO_COMMON_BLOCKS = YES;
				GCC_OPTIMIZATION_LEVEL = 0;
				GCC_PREPROCESSOR_DEFINITIONS = (
					"DEBUG=1",
					"$(inherited)",
				);
				GCC_WARN_64_TO_32_BIT_CONVERSION = YES;
				GCC_WARN_ABOUT_RETURN_TYPE = YES_ERROR;
				GCC_WARN_UNDECLARED_SELECTOR = YES;
				GCC_WARN_UNINITIALIZED_AUTOS = YES_AGGRESSIVE;
				GCC_WARN_UNUSED_FUNCTION = YES;
				GCC_WARN_UNUSED_VARIABLE = YES;
				IPHONEOS_DEPLOYMENT_TARGET = 14.5;
				MTL_ENABLE_DEBUG_INFO = INCLUDE_SOURCE;
				MTL_FAST_MATH = YES;
				ONLY_ACTIVE_ARCH = YES;
				SDKROOT = iphoneos;
				SWIFT_ACTIVE_COMPILATION_CONDITIONS = DEBUG;
				SWIFT_OPTIMIZATION_LEVEL = "-Onone";
			};
			name = Debug;
		};
		2666F6C127247C5300D9F413 /* Release */ = {
			isa = XCBuildConfiguration;
			buildSettings = {
				ALWAYS_SEARCH_USER_PATHS = NO;
				CLANG_ANALYZER_NONNULL = YES;
				CLANG_ANALYZER_NUMBER_OBJECT_CONVERSION = YES_AGGRESSIVE;
				CLANG_CXX_LANGUAGE_STANDARD = "gnu++14";
				CLANG_CXX_LIBRARY = "libc++";
				CLANG_ENABLE_MODULES = YES;
				CLANG_ENABLE_OBJC_ARC = YES;
				CLANG_ENABLE_OBJC_WEAK = YES;
				CLANG_WARN_BLOCK_CAPTURE_AUTORELEASING = YES;
				CLANG_WARN_BOOL_CONVERSION = YES;
				CLANG_WARN_COMMA = YES;
				CLANG_WARN_CONSTANT_CONVERSION = YES;
				CLANG_WARN_DEPRECATED_OBJC_IMPLEMENTATIONS = YES;
				CLANG_WARN_DIRECT_OBJC_ISA_USAGE = YES_ERROR;
				CLANG_WARN_DOCUMENTATION_COMMENTS = YES;
				CLANG_WARN_EMPTY_BODY = YES;
				CLANG_WARN_ENUM_CONVERSION = YES;
				CLANG_WARN_INFINITE_RECURSION = YES;
				CLANG_WARN_INT_CONVERSION = YES;
				CLANG_WARN_NON_LITERAL_NULL_CONVERSION = YES;
				CLANG_WARN_OBJC_IMPLICIT_RETAIN_SELF = YES;
				CLANG_WARN_OBJC_LITERAL_CONVERSION = YES;
				CLANG_WARN_OBJC_ROOT_CLASS = YES_ERROR;
				CLANG_WARN_QUOTED_INCLUDE_IN_FRAMEWORK_HEADER = YES;
				CLANG_WARN_RANGE_LOOP_ANALYSIS = YES;
				CLANG_WARN_STRICT_PROTOTYPES = YES;
				CLANG_WARN_SUSPICIOUS_MOVE = YES;
				CLANG_WARN_UNGUARDED_AVAILABILITY = YES_AGGRESSIVE;
				CLANG_WARN_UNREACHABLE_CODE = YES;
				CLANG_WARN__DUPLICATE_METHOD_MATCH = YES;
				COPY_PHASE_STRIP = NO;
				DEAD_CODE_STRIPPING = NO;
				DEBUG_INFORMATION_FORMAT = "dwarf-with-dsym";
				ENABLE_NS_ASSERTIONS = NO;
				ENABLE_STRICT_OBJC_MSGSEND = YES;
				GCC_C_LANGUAGE_STANDARD = gnu11;
				GCC_NO_COMMON_BLOCKS = YES;
				GCC_WARN_64_TO_32_BIT_CONVERSION = YES;
				GCC_WARN_ABOUT_RETURN_TYPE = YES_ERROR;
				GCC_WARN_UNDECLARED_SELECTOR = YES;
				GCC_WARN_UNINITIALIZED_AUTOS = YES_AGGRESSIVE;
				GCC_WARN_UNUSED_FUNCTION = YES;
				GCC_WARN_UNUSED_VARIABLE = YES;
				IPHONEOS_DEPLOYMENT_TARGET = 14.5;
				MTL_ENABLE_DEBUG_INFO = NO;
				MTL_FAST_MATH = YES;
				SDKROOT = iphoneos;
				SWIFT_COMPILATION_MODE = wholemodule;
				SWIFT_OPTIMIZATION_LEVEL = "-O";
				VALIDATE_PRODUCT = YES;
			};
			name = Release;
		};
		2666F6C327247C5300D9F413 /* Debug */ = {
			isa = XCBuildConfiguration;
			baseConfigurationReference = D1FDA520FD583189CE0188D6 /* Pods-Quesiti.debug.xcconfig */;
			buildSettings = {
				ASSETCATALOG_COMPILER_APPICON_NAME = AppIcon;
				ASSETCATALOG_COMPILER_GLOBAL_ACCENT_COLOR_NAME = AccentColor;
				CODE_SIGN_STYLE = Automatic;
				DEAD_CODE_STRIPPING = NO;
				DEVELOPMENT_TEAM = EE6KQ6G544;
				INFOPLIST_FILE = Quesiti/Info.plist;
				LD_RUNPATH_SEARCH_PATHS = (
					"$(inherited)",
					"@executable_path/Frameworks",
				);
				PRODUCT_BUNDLE_IDENTIFIER = com.Alfa.Quesiti;
				PRODUCT_NAME = "$(TARGET_NAME)";
				SWIFT_VERSION = 5.0;
				TARGETED_DEVICE_FAMILY = "1,2";
			};
			name = Debug;
		};
		2666F6C427247C5300D9F413 /* Release */ = {
			isa = XCBuildConfiguration;
			baseConfigurationReference = CC95F34072975E48D7C97B7B /* Pods-Quesiti.release.xcconfig */;
			buildSettings = {
				ASSETCATALOG_COMPILER_APPICON_NAME = AppIcon;
				ASSETCATALOG_COMPILER_GLOBAL_ACCENT_COLOR_NAME = AccentColor;
				CODE_SIGN_STYLE = Automatic;
				DEAD_CODE_STRIPPING = NO;
				DEVELOPMENT_TEAM = EE6KQ6G544;
				INFOPLIST_FILE = Quesiti/Info.plist;
				LD_RUNPATH_SEARCH_PATHS = (
					"$(inherited)",
					"@executable_path/Frameworks",
				);
				PRODUCT_BUNDLE_IDENTIFIER = com.Alfa.Quesiti;
				PRODUCT_NAME = "$(TARGET_NAME)";
				SWIFT_VERSION = 5.0;
				TARGETED_DEVICE_FAMILY = "1,2";
			};
			name = Release;
		};
/* End XCBuildConfiguration section */

/* Begin XCConfigurationList section */
		2666F6A927247C5000D9F413 /* Build configuration list for PBXProject "Quesiti" */ = {
			isa = XCConfigurationList;
			buildConfigurations = (
				2666F6C027247C5300D9F413 /* Debug */,
				2666F6C127247C5300D9F413 /* Release */,
			);
			defaultConfigurationIsVisible = 0;
			defaultConfigurationName = Release;
		};
		2666F6C227247C5300D9F413 /* Build configuration list for PBXNativeTarget "Quesiti" */ = {
			isa = XCConfigurationList;
			buildConfigurations = (
				2666F6C327247C5300D9F413 /* Debug */,
				2666F6C427247C5300D9F413 /* Release */,
			);
			defaultConfigurationIsVisible = 0;
			defaultConfigurationName = Release;
		};
/* End XCConfigurationList section */

/* Begin XCRemoteSwiftPackageReference section */
		268AA0712724BABC00A71958 /* XCRemoteSwiftPackageReference "lottie-ios" */ = {
			isa = XCRemoteSwiftPackageReference;
			repositoryURL = "https://github.com/airbnb/lottie-ios";
			requirement = {
				kind = upToNextMajorVersion;
				minimumVersion = 3.2.3;
			};
		};
/* End XCRemoteSwiftPackageReference section */

/* Begin XCSwiftPackageProductDependency section */
		268AA0722724BABC00A71958 /* Lottie */ = {
			isa = XCSwiftPackageProductDependency;
			package = 268AA0712724BABC00A71958 /* XCRemoteSwiftPackageReference "lottie-ios" */;
			productName = Lottie;
		};
/* End XCSwiftPackageProductDependency section */
	};
	rootObject = 2666F6A627247C5000D9F413 /* Project object */;
}
